
Microsoft Visual Studio Solution File, Format Version 12.00
# Visual Studio Version 16
VisualStudioVersion = 16.0.30128.74
MinimumVisualStudioVersion = 10.0.40219.1
Project("{FAE04EC0-301F-11D3-BF4B-00C04F79EFBC}") = "WarframeLogMonitor", "WarframeLogMonitor\WarframeLogMonitor.csproj", "{579CED95-13CB-4155-867F-5DED6DFD28ED}"
EndProject
Global
	GlobalSection(SolutionConfigurationPlatforms) = preSolution
		Debug|Any CPU = Debug|Any CPU
		Release|Any CPU = Release|Any CPU
	EndGlobalSection
	GlobalSection(ProjectConfigurationPlatforms) = postSolution
		{579CED95-13CB-4155-867F-5DED6DFD28ED}.Debug|Any CPU.ActiveCfg = Debug|Any CPU
		{579CED95-13CB-4155-867F-5DED6DFD28ED}.Debug|Any CPU.Build.0 = Debug|Any CPU
		{579CED95-13CB-4155-867F-5DED6DFD28ED}.Release|Any CPU.ActiveCfg = Release|Any CPU
		{579CED95-13CB-4155-867F-5DED6DFD28ED}.Release|Any CPU.Build.0 = Release|Any CPU
	EndGlobalSection
	GlobalSection(SolutionProperties) = preSolution
		HideSolutionNode = FALSE
	EndGlobalSection
	GlobalSection(ExtensibilityGlobals) = postSolution
		SolutionGuid = {73405CA0-E16C-441F-95B7-57E840D72549}
	EndGlobalSection
EndGlobal
